// !$*UTF8*$!
{
	archiveVersion = 1;
	classes = {
	};
	objectVersion = 46;
	objects = {

/* Begin PBXBuildFile section */
		1A469D0B636E20DA7A7E5F90 /* main.m in Sources */ = {isa = PBXBuildFile; fileRef = 34A0701722D9B05CA3C1211B /* main.m */; };
		485C141D5185A453E1396249 /* Settings.bundle in Resources */ = {isa = PBXBuildFile; fileRef = E698BFCA4C6E351C0BF93828 /* Settings.bundle */; };
		4CD177A9BC980AFD99B45080 /* LaunchScreen.xib in Resources */ = {isa = PBXBuildFile; fileRef = A047B70D37E1861123A5BDA4 /* LaunchScreen.xib */; };
		5C79C74099EE53D3A6AEF9A0 /* Images.xcassets in Resources */ = {isa = PBXBuildFile; fileRef = 27410384C8E1C14FEA7535F4 /* Images.xcassets */; };
		7AEF7A50C3E161ACA9C33111 /* EAAppDelegate.m in Sources */ = {isa = PBXBuildFile; fileRef = 255367F1B65F0BA08340E22E /* EAAppDelegate.m */; };
		8BC6E897D86156E5E5871C69 /* libPods-unit_tests.a in Frameworks */ = {isa = PBXBuildFile; fileRef = 9F701CE52120D0CAB5D29AA6 /* libPods-unit_tests.a */; };
		9EA25D82540EC6B56211BDE3 /* Main.storyboard in Resources */ = {isa = PBXBuildFile; fileRef = BC84FA1273E25BE17035698D /* Main.storyboard */; };
		E42E2900B3002235EF640930 /* Foundation.framework in Frameworks */ = {isa = PBXBuildFile; fileRef = 4B924D062697256321CF9E10 /* Foundation.framework */; };
/* End PBXBuildFile section */

/* Begin PBXContainerItemProxy section */
		1AD73C17B7E9053FDFB1041D /* PBXContainerItemProxy */ = {
			isa = PBXContainerItemProxy;
			containerPortal = C77834ADE76A126758E8DE05 /* Project object */;
			proxyType = 1;
			remoteGlobalIDString = B52F3197E06CD0B80209A4DC;
			remoteInfo = EASoundPlayer;
		};
/* End PBXContainerItemProxy section */

/* Begin PBXFileReference section */
		003CE0EB9FD5F0D7915D031C /* Info.plist */ = {isa = PBXFileReference; includeInIndex = 1; lastKnownFileType = text.plist.xml; path = Info.plist; sourceTree = "<group>"; };
		0C990C8BC0098362EA558DDA /* EASoundPlayerTests-Prefix.pch */ = {isa = PBXFileReference; includeInIndex = 1; lastKnownFileType = sourcecode.c.h; path = "EASoundPlayerTests-Prefix.pch"; sourceTree = "<group>"; };
		255367F1B65F0BA08340E22E /* EAAppDelegate.m */ = {isa = PBXFileReference; includeInIndex = 1; lastKnownFileType = sourcecode.c.objc; path = EAAppDelegate.m; sourceTree = "<group>"; };
		27410384C8E1C14FEA7535F4 /* Images.xcassets */ = {isa = PBXFileReference; includeInIndex = 1; lastKnownFileType = folder.assetcatalog; path = Images.xcassets; sourceTree = "<group>"; };
		34A0701722D9B05CA3C1211B /* main.m */ = {isa = PBXFileReference; includeInIndex = 1; lastKnownFileType = sourcecode.c.objc; path = main.m; sourceTree = "<group>"; };
		4B924D062697256321CF9E10 /* Foundation.framework */ = {isa = PBXFileReference; lastKnownFileType = wrapper.framework; name = Foundation.framework; path = Platforms/iPhoneOS.platform/Developer/SDKs/iPhoneOS8.3.sdk/System/Library/Frameworks/Foundation.framework; sourceTree = DEVELOPER_DIR; };
		95E2C17536C29C0301B59374 /* Pods-unit_tests.debug.xcconfig */ = {isa = PBXFileReference; includeInIndex = 1; lastKnownFileType = text.xcconfig; name = "Pods-unit_tests.debug.xcconfig"; path = "Pods/Target Support Files/Pods-unit_tests/Pods-unit_tests.debug.xcconfig"; sourceTree = "<group>"; };
		9F701CE52120D0CAB5D29AA6 /* libPods-unit_tests.a */ = {isa = PBXFileReference; explicitFileType = archive.ar; includeInIndex = 0; path = "libPods-unit_tests.a"; sourceTree = BUILT_PRODUCTS_DIR; };
		A047B70D37E1861123A5BDA4 /* LaunchScreen.xib */ = {isa = PBXFileReference; includeInIndex = 1; lastKnownFileType = file.xib; path = LaunchScreen.xib; sourceTree = "<group>"; };
		B07B516CDEB80CE9DAB169A6 /* EASoundPlayer.app */ = {isa = PBXFileReference; explicitFileType = wrapper.application; includeInIndex = 0; path = EASoundPlayer.app; sourceTree = BUILT_PRODUCTS_DIR; };
		B1B9D90C389589FB5D4A08B9 /* EASoundPlayerTests.xctest */ = {isa = PBXFileReference; explicitFileType = wrapper.cfbundle; includeInIndex = 0; path = EASoundPlayerTests.xctest; sourceTree = BUILT_PRODUCTS_DIR; };
		B1D32155EF62233CDDC3A159 /* EASoundPlayerTests-Info.plist */ = {isa = PBXFileReference; includeInIndex = 1; lastKnownFileType = text.plist.xml; path = "EASoundPlayerTests-Info.plist"; sourceTree = "<group>"; };
		BC84FA1273E25BE17035698D /* Main.storyboard */ = {isa = PBXFileReference; includeInIndex = 1; lastKnownFileType = file.storyboard; path = Main.storyboard; sourceTree = "<group>"; };
		BF6C201338A802A4D75305FE /* EAAppDelegate.h */ = {isa = PBXFileReference; includeInIndex = 1; lastKnownFileType = sourcecode.c.h; path = EAAppDelegate.h; sourceTree = "<group>"; };
		CBC8D7A9B9D25994721544DB /* EASoundPlayer-Prefix.pch */ = {isa = PBXFileReference; includeInIndex = 1; lastKnownFileType = sourcecode.c.h; path = "EASoundPlayer-Prefix.pch"; sourceTree = "<group>"; };
		E698BFCA4C6E351C0BF93828 /* Settings.bundle */ = {isa = PBXFileReference; includeInIndex = 1; lastKnownFileType = "wrapper.plug-in"; path = Settings.bundle; sourceTree = "<group>"; };
		F5C0238880362E8138DCED3E /* Pods-unit_tests.release.xcconfig */ = {isa = PBXFileReference; includeInIndex = 1; lastKnownFileType = text.xcconfig; name = "Pods-unit_tests.release.xcconfig"; path = "Pods/Target Support Files/Pods-unit_tests/Pods-unit_tests.release.xcconfig"; sourceTree = "<group>"; };
/* End PBXFileReference section */

/* Begin PBXFrameworksBuildPhase section */
		7C4E93954285EA28D8C07FB9 /* Frameworks */ = {
			isa = PBXFrameworksBuildPhase;
			buildActionMask = 2147483647;
			files = (
				8BC6E897D86156E5E5871C69 /* libPods-unit_tests.a in Frameworks */,
			);
			runOnlyForDeploymentPostprocessing = 0;
		};
		9B99A4C217B859F4D81636F8 /* Frameworks */ = {
			isa = PBXFrameworksBuildPhase;
			buildActionMask = 2147483647;
			files = (
				E42E2900B3002235EF640930 /* Foundation.framework in Frameworks */,
			);
			runOnlyForDeploymentPostprocessing = 0;
		};
/* End PBXFrameworksBuildPhase section */

/* Begin PBXGroup section */
		0FB8FF12A67365F558B7A4C7 /* Protocols */ = {
			isa = PBXGroup;
			children = (
			);
			path = Protocols;
			sourceTree = "<group>";
		};
		1B8002855DC970852E46C4B0 /* Tests */ = {
			isa = PBXGroup;
			children = (
			);
			path = Tests;
			sourceTree = "<group>";
		};
		273343756896268AEF1032CA /* Views */ = {
			isa = PBXGroup;
			children = (
			);
			path = Views;
			sourceTree = "<group>";
		};
		3E6CAC00198DE85C44BCC9D1 /* Pods */ = {
			isa = PBXGroup;
			children = (
				F5C0238880362E8138DCED3E /* Pods-unit_tests.release.xcconfig */,
				95E2C17536C29C0301B59374 /* Pods-unit_tests.debug.xcconfig */,
			);
			name = Pods;
			sourceTree = "<group>";
		};
		43561C19DBC5DB3FDCCFB6C1 /* Models */ = {
			isa = PBXGroup;
			children = (
			);
			path = Models;
			sourceTree = "<group>";
		};
		462717F58AA0D31E95D8225F /* Other-Sources */ = {
			isa = PBXGroup;
			children = (
				003CE0EB9FD5F0D7915D031C /* Info.plist */,
				CBC8D7A9B9D25994721544DB /* EASoundPlayer-Prefix.pch */,
				34A0701722D9B05CA3C1211B /* main.m */,
			);
			path = "Other-Sources";
			sourceTree = "<group>";
		};
		46469DC1B339605A6D432FE5 /* Controllers */ = {
			isa = PBXGroup;
			children = (
				BF6C201338A802A4D75305FE /* EAAppDelegate.h */,
				255367F1B65F0BA08340E22E /* EAAppDelegate.m */,
			);
			path = Controllers;
			sourceTree = "<group>";
		};
		4A584A01553F05322CCFF498 /* Resources */ = {
			isa = PBXGroup;
			children = (
				B1D32155EF62233CDDC3A159 /* EASoundPlayerTests-Info.plist */,
				0C990C8BC0098362EA558DDA /* EASoundPlayerTests-Prefix.pch */,
			);
			path = Resources;
			sourceTree = "<group>";
		};
		5D1BAF1F51D4AD96BFBF3C9C /* Frameworks */ = {
			isa = PBXGroup;
			children = (
				C5C5BE7F0D89E68BAE162D9A /* iOS */,
				9F701CE52120D0CAB5D29AA6 /* libPods-unit_tests.a */,
			);
			name = Frameworks;
			sourceTree = "<group>";
		};
		72DF676AECB96CEF3D0F1B03 /* Nibs */ = {
			isa = PBXGroup;
			children = (
				A047B70D37E1861123A5BDA4 /* LaunchScreen.xib */,
			);
			path = Nibs;
			sourceTree = "<group>";
		};
		76F66F1D2566987636EF3E92 /* ViewModels */ = {
			isa = PBXGroup;
			children = (
			);
			path = ViewModels;
			sourceTree = "<group>";
		};
		84C73CD010B47BB4573681B8 /* EASoundPlayer */ = {
			isa = PBXGroup;
			children = (
				E4FF4DF4F2C9A11E74AFB279 /* Categories */,
				0FB8FF12A67365F558B7A4C7 /* Protocols */,
				CD12481C213AAF55C5792812 /* Headers */,
				43561C19DBC5DB3FDCCFB6C1 /* Models */,
				76F66F1D2566987636EF3E92 /* ViewModels */,
				46469DC1B339605A6D432FE5 /* Controllers */,
				273343756896268AEF1032CA /* Views */,
				E5D0E0BA633A496E9C07BF29 /* Resources */,
			);
			path = EASoundPlayer;
			sourceTree = "<group>";
		};
		9FCCFEA4F8703BB80D39A42D = {
			isa = PBXGroup;
			children = (
				84C73CD010B47BB4573681B8 /* EASoundPlayer */,
				BDE6618B244704B91D514685 /* EASoundPlayerTests */,
				5D1BAF1F51D4AD96BFBF3C9C /* Frameworks */,
				E6CB9EBD7EC1BC4CA6EB8364 /* Products */,
				3E6CAC00198DE85C44BCC9D1 /* Pods */,
			);
			indentWidth = 4;
			sourceTree = "<group>";
			tabWidth = 4;
			usesTabs = 0;
		};
		ACDB8AE9697211B1609368D2 /* Storyboards */ = {
			isa = PBXGroup;
			children = (
				BC84FA1273E25BE17035698D /* Main.storyboard */,
			);
			path = Storyboards;
			sourceTree = "<group>";
		};
		BDE6618B244704B91D514685 /* EASoundPlayerTests */ = {
			isa = PBXGroup;
			children = (
				4A584A01553F05322CCFF498 /* Resources */,
				FD437C4BD316946D526031C4 /* Helpers */,
				1B8002855DC970852E46C4B0 /* Tests */,
			);
			path = EASoundPlayerTests;
			sourceTree = "<group>";
		};
		C5C5BE7F0D89E68BAE162D9A /* iOS */ = {
			isa = PBXGroup;
			children = (
				4B924D062697256321CF9E10 /* Foundation.framework */,
			);
			name = iOS;
			sourceTree = "<group>";
		};
		CD12481C213AAF55C5792812 /* Headers */ = {
			isa = PBXGroup;
			children = (
			);
			path = Headers;
			sourceTree = "<group>";
		};
		E4FF4DF4F2C9A11E74AFB279 /* Categories */ = {
			isa = PBXGroup;
			children = (
			);
			path = Categories;
			sourceTree = "<group>";
		};
		E5D0E0BA633A496E9C07BF29 /* Resources */ = {
			isa = PBXGroup;
			children = (
				27410384C8E1C14FEA7535F4 /* Images.xcassets */,
				ACDB8AE9697211B1609368D2 /* Storyboards */,
				72DF676AECB96CEF3D0F1B03 /* Nibs */,
				462717F58AA0D31E95D8225F /* Other-Sources */,
				E698BFCA4C6E351C0BF93828 /* Settings.bundle */,
			);
			path = Resources;
			sourceTree = "<group>";
		};
		E6CB9EBD7EC1BC4CA6EB8364 /* Products */ = {
			isa = PBXGroup;
			children = (
				B07B516CDEB80CE9DAB169A6 /* EASoundPlayer.app */,
				B1B9D90C389589FB5D4A08B9 /* EASoundPlayerTests.xctest */,
			);
			name = Products;
			sourceTree = "<group>";
		};
		FD437C4BD316946D526031C4 /* Helpers */ = {
			isa = PBXGroup;
			children = (
			);
			path = Helpers;
			sourceTree = "<group>";
		};
/* End PBXGroup section */

/* Begin PBXNativeTarget section */
		6BE7511E25ADC3D580AA6F8C /* EASoundPlayerTests */ = {
			isa = PBXNativeTarget;
			buildConfigurationList = 911A3A468C53E26A0771A445 /* Build configuration list for PBXNativeTarget "EASoundPlayerTests" */;
			buildPhases = (
				75980A37ADED98E0B7D12BA7 /* Check Pods Manifest.lock */,
				AAD455AE42926A2483481E9B /* Sources */,
				7C4E93954285EA28D8C07FB9 /* Frameworks */,
				4E56A6967569EE36FC182D67 /* Resources */,
				F1DCB2B583DA6067F795D782 /* Embed Pods Frameworks */,
				927722248A67ADC51DE19344 /* Copy Pods Resources */,
			);
			buildRules = (
			);
			dependencies = (
				37D30EEB627F6DBF99CC6C45 /* PBXTargetDependency */,
			);
			name = EASoundPlayerTests;
			productName = EASoundPlayerTests;
			productReference = B1B9D90C389589FB5D4A08B9 /* EASoundPlayerTests.xctest */;
			productType = "com.apple.product-type.bundle.unit-test";
		};
		B52F3197E06CD0B80209A4DC /* EASoundPlayer */ = {
			isa = PBXNativeTarget;
			buildConfigurationList = 9FDA4F18317A298DE33F6F85 /* Build configuration list for PBXNativeTarget "EASoundPlayer" */;
			buildPhases = (
				860F4EB66D7F0CE42619756E /* Sources */,
				9B99A4C217B859F4D81636F8 /* Frameworks */,
				225BE3A434BBD5D173B841D8 /* Resources */,
				03C1C9537FB7129C3FA3A819 /* Warn for TODO and FIXME comments */,
				FB135F7261218200E9D4974F /* Set version number */,
			);
			buildRules = (
			);
			dependencies = (
			);
			name = EASoundPlayer;
			productName = EASoundPlayer;
			productReference = B07B516CDEB80CE9DAB169A6 /* EASoundPlayer.app */;
			productType = "com.apple.product-type.application";
		};
/* End PBXNativeTarget section */

/* Begin PBXProject section */
		C77834ADE76A126758E8DE05 /* Project object */ = {
			isa = PBXProject;
			attributes = {
				CLASSPREFIX = EA;
				LastSwiftUpdateCheck = 0700;
				LastUpgradeCheck = 0700;
				ORGANIZATIONNAME = "Skye Freeman";
			};
			buildConfigurationList = 13D7D23687D03C570295FC90 /* Build configuration list for PBXProject "EASoundPlayer" */;
			compatibilityVersion = "Xcode 3.2";
			developmentRegion = English;
			hasScannedForEncodings = 0;
			knownRegions = (
				en,
			);
			mainGroup = 9FCCFEA4F8703BB80D39A42D;
			productRefGroup = E6CB9EBD7EC1BC4CA6EB8364 /* Products */;
			projectDirPath = "";
			projectRoot = "";
			targets = (
				B52F3197E06CD0B80209A4DC /* EASoundPlayer */,
				6BE7511E25ADC3D580AA6F8C /* EASoundPlayerTests */,
			);
		};
/* End PBXProject section */

/* Begin PBXResourcesBuildPhase section */
		225BE3A434BBD5D173B841D8 /* Resources */ = {
			isa = PBXResourcesBuildPhase;
			buildActionMask = 2147483647;
			files = (
				5C79C74099EE53D3A6AEF9A0 /* Images.xcassets in Resources */,
				9EA25D82540EC6B56211BDE3 /* Main.storyboard in Resources */,
				4CD177A9BC980AFD99B45080 /* LaunchScreen.xib in Resources */,
				485C141D5185A453E1396249 /* Settings.bundle in Resources */,
			);
			runOnlyForDeploymentPostprocessing = 0;
		};
		4E56A6967569EE36FC182D67 /* Resources */ = {
			isa = PBXResourcesBuildPhase;
			buildActionMask = 2147483647;
			files = (
			);
			runOnlyForDeploymentPostprocessing = 0;
		};
/* End PBXResourcesBuildPhase section */

/* Begin PBXShellScriptBuildPhase section */
		03C1C9537FB7129C3FA3A819 /* Warn for TODO and FIXME comments */ = {
			isa = PBXShellScriptBuildPhase;
			buildActionMask = 2147483647;
			files = (
			);
			inputPaths = (
			);
			name = "Warn for TODO and FIXME comments";
			outputPaths = (
			);
			runOnlyForDeploymentPostprocessing = 0;
			shellPath = /bin/sh;
			shellScript = "KEYWORDS=\"TODO:|FIXME:|\\?\\?\\?:|\\!\\!\\!:\"\nFILE_EXTENSIONS=\"swift|h|m|mm|c|cpp\"\nfind -E \"${SRCROOT}\" -ipath \"${SRCROOT}/Carthage\" -o -ipath \"${SRCROOT}/pods\" -prune -o \\( -regex \".*\\.($FILE_EXTENSIONS)$\" \\) -print0 | xargs -0 egrep --with-filename --line-number --only-matching \"($KEYWORDS).*\\$\" | perl -p -e \"s/($KEYWORDS)/ warning: \\$1/\"\n";
		};
		75980A37ADED98E0B7D12BA7 /* Check Pods Manifest.lock */ = {
			isa = PBXShellScriptBuildPhase;
			buildActionMask = 2147483647;
			files = (
			);
			inputPaths = (
			);
			name = "Check Pods Manifest.lock";
			outputPaths = (
			);
			runOnlyForDeploymentPostprocessing = 0;
			shellPath = /bin/sh;
			shellScript = "diff \"${PODS_ROOT}/../Podfile.lock\" \"${PODS_ROOT}/Manifest.lock\" > /dev/null\nif [[ $? != 0 ]] ; then\n    cat << EOM\nerror: The sandbox is not in sync with the Podfile.lock. Run 'pod install' or update your CocoaPods installation.\nEOM\n    exit 1\nfi\n";
			showEnvVarsInLog = 0;
		};
		927722248A67ADC51DE19344 /* Copy Pods Resources */ = {
			isa = PBXShellScriptBuildPhase;
			buildActionMask = 2147483647;
			files = (
			);
			inputPaths = (
			);
			name = "Copy Pods Resources";
			outputPaths = (
			);
			runOnlyForDeploymentPostprocessing = 0;
			shellPath = /bin/sh;
			shellScript = "\"${SRCROOT}/Pods/Target Support Files/Pods-unit_tests/Pods-unit_tests-resources.sh\"\n";
			showEnvVarsInLog = 0;
		};
		F1DCB2B583DA6067F795D782 /* Embed Pods Frameworks */ = {
			isa = PBXShellScriptBuildPhase;
			buildActionMask = 2147483647;
			files = (
			);
			inputPaths = (
			);
			name = "Embed Pods Frameworks";
			outputPaths = (
			);
			runOnlyForDeploymentPostprocessing = 0;
			shellPath = /bin/sh;
			shellScript = "\"${SRCROOT}/Pods/Target Support Files/Pods-unit_tests/Pods-unit_tests-frameworks.sh\"\n";
			showEnvVarsInLog = 0;
		};
		FB135F7261218200E9D4974F /* Set version number */ = {
			isa = PBXShellScriptBuildPhase;
			buildActionMask = 2147483647;
			files = (
			);
			inputPaths = (
			);
			name = "Set version number";
			outputPaths = (
			);
			runOnlyForDeploymentPostprocessing = 0;
			shellPath = /bin/sh;
			shellScript = "git=$(sh /etc/profile; which git)\ngit_release_version=$(\"$git\" describe --tags --always --abbrev=0)\nnumber_of_commits=$(\"$git\" rev-list master --count)\ntarget_plist=\"$TARGET_BUILD_DIR/$INFOPLIST_PATH\"\ndsym_plist=\"$DWARF_DSYM_FOLDER_PATH/$DWARF_DSYM_FILE_NAME/Contents/Info.plist\"\n\nfor plist in \"$target_plist\" \"$dsym_plist\"; do\n  if [ -f \"$plist\" ]; then\n    /usr/libexec/PlistBuddy -c \"Set :CFBundleVersion $number_of_commits\" \"$plist\"\n    /usr/libexec/PlistBuddy -c \"Set :CFBundleShortVersionString ${git_release_version#*v}\" \"$plist\"\n  fi\ndone\n";
		};
/* End PBXShellScriptBuildPhase section */

/* Begin PBXSourcesBuildPhase section */
		860F4EB66D7F0CE42619756E /* Sources */ = {
			isa = PBXSourcesBuildPhase;
			buildActionMask = 2147483647;
			files = (
				7AEF7A50C3E161ACA9C33111 /* EAAppDelegate.m in Sources */,
				1A469D0B636E20DA7A7E5F90 /* main.m in Sources */,
			);
			runOnlyForDeploymentPostprocessing = 0;
		};
		AAD455AE42926A2483481E9B /* Sources */ = {
			isa = PBXSourcesBuildPhase;
			buildActionMask = 2147483647;
			files = (
			);
			runOnlyForDeploymentPostprocessing = 0;
		};
/* End PBXSourcesBuildPhase section */

/* Begin PBXTargetDependency section */
		37D30EEB627F6DBF99CC6C45 /* PBXTargetDependency */ = {
			isa = PBXTargetDependency;
			name = EASoundPlayer;
			target = B52F3197E06CD0B80209A4DC /* EASoundPlayer */;
			targetProxy = 1AD73C17B7E9053FDFB1041D /* PBXContainerItemProxy */;
		};
/* End PBXTargetDependency section */

/* Begin XCBuildConfiguration section */
		3744B88663B9017FE21F6C78 /* Debug */ = {
			isa = XCBuildConfiguration;
			baseConfigurationReference = 95E2C17536C29C0301B59374 /* Pods-unit_tests.debug.xcconfig */;
			buildSettings = {
				BUNDLE_LOADER = "$(BUILT_PRODUCTS_DIR)/EASoundPlayer.app/EASoundPlayer";
				ENABLE_STRICT_OBJC_MSGSEND = YES;
				FRAMEWORK_SEARCH_PATHS = (
					"$(SDKROOT)/Developer/Library/Frameworks",
					"$(inherited)",
					"$(DEVELOPER_FRAMEWORKS_DIR)",
				);
				GCC_PREFIX_HEADER = "EASoundPlayerTests/Resources/EASoundPlayerTests-Prefix.pch";
				INFOPLIST_FILE = "EASoundPlayerTests/Resources/EASoundPlayerTests-Info.plist";
				PRODUCT_NAME = "$(TARGET_NAME)";
				SDKROOT = iphoneos;
				SKIP_INSTALL = YES;
				TEST_HOST = "$(BUNDLE_LOADER)";
				WRAPPER_EXTENSION = xctest;
			};
			name = Debug;
		};
		4F04EEB6FAF2C80836C2C5B5 /* Release */ = {
			isa = XCBuildConfiguration;
			buildSettings = {
				ALWAYS_SEARCH_USER_PATHS = NO;
				ASSETCATALOG_COMPILER_APPICON_NAME = AppIcon;
				CLANG_CXX_LANGUAGE_STANDARD = "gnu++0x";
				CLANG_CXX_LIBRARY = "libc++";
				CLANG_ENABLE_MODULES = YES;
				CLANG_ENABLE_OBJC_ARC = YES;
				CLANG_WARN_BOOL_CONVERSION = YES;
				CLANG_WARN_CONSTANT_CONVERSION = YES;
				CLANG_WARN_DEPRECATED_OBJC_IMPLEMENTATIONS = YES;
				CLANG_WARN_DIRECT_OBJC_ISA_USAGE = YES;
				CLANG_WARN_EMPTY_BODY = YES;
				CLANG_WARN_ENUM_CONVERSION = YES;
				CLANG_WARN_IMPLICIT_SIGN_CONVERSION = YES;
				CLANG_WARN_INT_CONVERSION = YES;
				CLANG_WARN_OBJC_IMPLICIT_RETAIN_SELF = YES;
				CLANG_WARN_OBJC_ROOT_CLASS = YES;
				CLANG_WARN_SUSPICIOUS_IMPLICIT_CONVERSION = YES;
				CLANG_WARN_UNREACHABLE_CODE = YES;
				CLANG_WARN__DUPLICATE_METHOD_MATCH = YES;
				"CODE_SIGN_IDENTITY[sdk=iphoneos*]" = "iPhone Developer";
				COPY_PHASE_STRIP = YES;
				ENABLE_NS_ASSERTIONS = NO;
				GCC_C_LANGUAGE_STANDARD = gnu99;
				GCC_WARN_64_TO_32_BIT_CONVERSION = YES;
				GCC_WARN_ABOUT_DEPRECATED_FUNCTIONS = YES;
				GCC_WARN_ABOUT_MISSING_FIELD_INITIALIZERS = YES;
				GCC_WARN_ABOUT_MISSING_NEWLINE = YES;
				GCC_WARN_ABOUT_RETURN_TYPE = YES;
				GCC_WARN_CHECK_SWITCH_STATEMENTS = YES;
				GCC_WARN_INITIALIZER_NOT_FULLY_BRACKETED = YES;
				GCC_WARN_MISSING_PARENTHESES = YES;
				GCC_WARN_SHADOW = YES;
				GCC_WARN_SIGN_COMPARE = YES;
				GCC_WARN_TYPECHECK_CALLS_TO_PRINTF = YES;
				GCC_WARN_UNDECLARED_SELECTOR = YES;
				GCC_WARN_UNINITIALIZED_AUTOS = YES;
				GCC_WARN_UNUSED_FUNCTION = YES;
				GCC_WARN_UNUSED_LABEL = YES;
				GCC_WARN_UNUSED_VALUE = YES;
				GCC_WARN_UNUSED_VARIABLE = YES;
				IPHONEOS_DEPLOYMENT_TARGET = 8.0;
				RUN_CLANG_STATIC_ANALYZER = YES;
				SDKROOT = iphoneos;
				VALIDATE_PRODUCT = YES;
			};
			name = Release;
		};
		DAFA86D49841FCB0627C8ECA /* Release */ = {
			isa = XCBuildConfiguration;
			baseConfigurationReference = F5C0238880362E8138DCED3E /* Pods-unit_tests.release.xcconfig */;
			buildSettings = {
				BUNDLE_LOADER = "$(BUILT_PRODUCTS_DIR)/EASoundPlayer.app/EASoundPlayer";
				ENABLE_STRICT_OBJC_MSGSEND = YES;
				FRAMEWORK_SEARCH_PATHS = (
					"$(SDKROOT)/Developer/Library/Frameworks",
					"$(inherited)",
					"$(DEVELOPER_FRAMEWORKS_DIR)",
				);
				GCC_PREFIX_HEADER = "EASoundPlayerTests/Resources/EASoundPlayerTests-Prefix.pch";
				INFOPLIST_FILE = "EASoundPlayerTests/Resources/EASoundPlayerTests-Info.plist";
				PRODUCT_NAME = "$(TARGET_NAME)";
				SDKROOT = iphoneos;
				SKIP_INSTALL = YES;
				TEST_HOST = "$(BUNDLE_LOADER)";
				WRAPPER_EXTENSION = xctest;
			};
			name = Release;
		};
		EDD558FCC97EBD46D6FB0F21 /* Release */ = {
			isa = XCBuildConfiguration;
			buildSettings = {
				ASSETCATALOG_COMPILER_APPICON_NAME = AppIcon;
				"CODE_SIGN_IDENTITY[sdk=iphoneos*]" = "iPhone Developer";
				ENABLE_STRICT_OBJC_MSGSEND = YES;
				GCC_PREFIX_HEADER = "EASoundPlayer/Resources/Other-Sources/EASoundPlayer-Prefix.pch";
				GCC_TREAT_WARNINGS_AS_ERRORS = YES;
				INFOPLIST_FILE = "EASoundPlayer/Resources/Other-Sources/Info.plist";
				LD_RUNPATH_SEARCH_PATHS = "$(inherited) @executable_path/Frameworks";
				MTL_ENABLE_DEBUG_INFO = NO;
				PRODUCT_NAME = "$(TARGET_NAME)";
				SDKROOT = iphoneos;
			};
			name = Release;
		};
		F0A6484BE9EC9774BD75E4BD /* Debug */ = {
			isa = XCBuildConfiguration;
			buildSettings = {
				ALWAYS_SEARCH_USER_PATHS = NO;
				ASSETCATALOG_COMPILER_APPICON_NAME = AppIcon;
				CLANG_CXX_LANGUAGE_STANDARD = "gnu++0x";
				CLANG_CXX_LIBRARY = "libc++";
				CLANG_ENABLE_MODULES = YES;
				CLANG_ENABLE_OBJC_ARC = YES;
				CLANG_WARN_BOOL_CONVERSION = YES;
				CLANG_WARN_CONSTANT_CONVERSION = YES;
				CLANG_WARN_DEPRECATED_OBJC_IMPLEMENTATIONS = YES;
				CLANG_WARN_DIRECT_OBJC_ISA_USAGE = YES;
				CLANG_WARN_EMPTY_BODY = YES;
				CLANG_WARN_ENUM_CONVERSION = YES;
				CLANG_WARN_IMPLICIT_SIGN_CONVERSION = YES;
				CLANG_WARN_INT_CONVERSION = YES;
				CLANG_WARN_OBJC_IMPLICIT_RETAIN_SELF = YES;
				CLANG_WARN_OBJC_ROOT_CLASS = YES;
				CLANG_WARN_SUSPICIOUS_IMPLICIT_CONVERSION = YES;
				CLANG_WARN_UNREACHABLE_CODE = YES;
				CLANG_WARN__DUPLICATE_METHOD_MATCH = YES;
				"CODE_SIGN_IDENTITY[sdk=iphoneos*]" = "iPhone Developer";
				COPY_PHASE_STRIP = NO;
				GCC_C_LANGUAGE_STANDARD = gnu99;
				GCC_DYNAMIC_NO_PIC = NO;
				GCC_OPTIMIZATION_LEVEL = 0;
				GCC_PREPROCESSOR_DEFINITIONS = (
					"DEBUG=1",
					"$(inherited)",
				);
				GCC_SYMBOLS_PRIVATE_EXTERN = NO;
				GCC_WARN_64_TO_32_BIT_CONVERSION = YES;
				GCC_WARN_ABOUT_DEPRECATED_FUNCTIONS = YES;
				GCC_WARN_ABOUT_MISSING_FIELD_INITIALIZERS = YES;
				GCC_WARN_ABOUT_MISSING_NEWLINE = YES;
				GCC_WARN_ABOUT_RETURN_TYPE = YES;
				GCC_WARN_CHECK_SWITCH_STATEMENTS = YES;
				GCC_WARN_INITIALIZER_NOT_FULLY_BRACKETED = YES;
				GCC_WARN_MISSING_PARENTHESES = YES;
				GCC_WARN_SHADOW = YES;
				GCC_WARN_SIGN_COMPARE = YES;
				GCC_WARN_TYPECHECK_CALLS_TO_PRINTF = YES;
				GCC_WARN_UNDECLARED_SELECTOR = YES;
				GCC_WARN_UNINITIALIZED_AUTOS = YES;
				GCC_WARN_UNUSED_FUNCTION = YES;
				GCC_WARN_UNUSED_LABEL = YES;
				GCC_WARN_UNUSED_VALUE = YES;
				GCC_WARN_UNUSED_VARIABLE = YES;
				IPHONEOS_DEPLOYMENT_TARGET = 8.0;
				ONLY_ACTIVE_ARCH = YES;
				RUN_CLANG_STATIC_ANALYZER = YES;
				SDKROOT = iphoneos;
			};
			name = Debug;
		};
		F926A41CC944CC2FED1B1F1D /* Debug */ = {
			isa = XCBuildConfiguration;
			buildSettings = {
				ASSETCATALOG_COMPILER_APPICON_NAME = AppIcon;
				"CODE_SIGN_IDENTITY[sdk=iphoneos*]" = "iPhone Developer";
				ENABLE_STRICT_OBJC_MSGSEND = YES;
				GCC_PREFIX_HEADER = "EASoundPlayer/Resources/Other-Sources/EASoundPlayer-Prefix.pch";
				INFOPLIST_FILE = "EASoundPlayer/Resources/Other-Sources/Info.plist";
				LD_RUNPATH_SEARCH_PATHS = "$(inherited) @executable_path/Frameworks";
				MTL_ENABLE_DEBUG_INFO = YES;
				PRODUCT_NAME = "$(TARGET_NAME)";
				SDKROOT = iphoneos;
			};
			name = Debug;
		};
/* End XCBuildConfiguration section */

/* Begin XCConfigurationList section */
		13D7D23687D03C570295FC90 /* Build configuration list for PBXProject "EASoundPlayer" */ = {
			isa = XCConfigurationList;
			buildConfigurations = (
				F0A6484BE9EC9774BD75E4BD /* Debug */,
				4F04EEB6FAF2C80836C2C5B5 /* Release */,
			);
			defaultConfigurationIsVisible = 0;
			defaultConfigurationName = Release;
		};
		911A3A468C53E26A0771A445 /* Build configuration list for PBXNativeTarget "EASoundPlayerTests" */ = {
			isa = XCConfigurationList;
			buildConfigurations = (
				DAFA86D49841FCB0627C8ECA /* Release */,
				3744B88663B9017FE21F6C78 /* Debug */,
			);
			defaultConfigurationIsVisible = 0;
			defaultConfigurationName = Release;
		};
		9FDA4F18317A298DE33F6F85 /* Build configuration list for PBXNativeTarget "EASoundPlayer" */ = {
			isa = XCConfigurationList;
			buildConfigurations = (
				EDD558FCC97EBD46D6FB0F21 /* Release */,
				F926A41CC944CC2FED1B1F1D /* Debug */,
			);
			defaultConfigurationIsVisible = 0;
			defaultConfigurationName = Release;
		};
/* End XCConfigurationList section */
	};
	rootObject = C77834ADE76A126758E8DE05 /* Project object */;
}
